
Microsoft Visual Studio Solution File, Format Version 12.00
# Visual Studio Version 17
VisualStudioVersion = 17.0.31919.166
MinimumVisualStudioVersion = 10.0.40219.1
Project("{2150E333-8FDC-42A3-9474-1A3956D46DE8}") = "src", "src", "{C0C5DB26-8C74-4F13-916B-D34AF75B738E}"
EndProject
Project("{2150E333-8FDC-42A3-9474-1A3956D46DE8}") = "DataStructures", "DataStructures", "{7943A1E4-DFCC-4966-8885-B80DBFC1DD52}"
EndProject
Project("{9A19103F-16F7-4668-BE54-9A1E7A4F7556}") = "BinaryTree", "src\DataStructures\BinaryTree\BinaryTree.csproj", "{535534F1-0EA5-443A-ABB0-C34CD517C0F5}"
EndProject
Project("{9A19103F-16F7-4668-BE54-9A1E7A4F7556}") = "BinarySearchTree", "src\DataStructures\BinarySearchTree\BinarySearchTree.csproj", "{0E9E3FD3-64AB-4342-BDF1-89E56547795D}"
EndProject
Project("{9A19103F-16F7-4668-BE54-9A1E7A4F7556}") = "HashMap", "src\DataStructures\HashMap\HashMap.csproj", "{9203667C-1DE2-485F-B3B1-2A40F7D6E3BF}"
EndProject
Project("{9A19103F-16F7-4668-BE54-9A1E7A4F7556}") = "DoublyLinkedList", "src\DataStructures\DoublyLinkedList\DoublyLinkedList.csproj", "{6B913473-FF02-45BA-B2DD-1E212538365C}"
EndProject
Project("{9A19103F-16F7-4668-BE54-9A1E7A4F7556}") = "List", "src\DataStructures\List\List.csproj", "{8C10EB2A-39C3-497C-983A-4BD07919CC8C}"
EndProject
Project("{9A19103F-16F7-4668-BE54-9A1E7A4F7556}") = "Queue", "src\DataStructures\Queue\Queue.csproj", "{8F49590D-1D41-42C2-A79A-2FCB3114A3CE}"
EndProject
Project("{9A19103F-16F7-4668-BE54-9A1E7A4F7556}") = "SinglyLinkedList", "src\DataStructures\SinglyLinkedList\SinglyLinkedList.csproj", "{CA226244-82EE-4931-900E-5ED10AB8D6DA}"
EndProject
Project("{9A19103F-16F7-4668-BE54-9A1E7A4F7556}") = "Stack", "src\DataStructures\Stack\Stack.csproj", "{46BDFEF7-1E17-4123-8DD8-1B39CD252515}"
EndProject
Project("{FAE04EC0-301F-11D3-BF4B-00C04F79EFBC}") = "AvlTree", "src\DataStructures\AvlTree\AvlTree.csproj", "{E2C85E22-2296-44D9-B5B5-A5A399A327BF}"
EndProject
Project("{2150E333-8FDC-42A3-9474-1A3956D46DE8}") = "Algorithms", "Algorithms", "{733FDBC4-9621-430E-9803-4AC155F000AD}"
EndProject
Project("{FAE04EC0-301F-11D3-BF4B-00C04F79EFBC}") = "Combinatorics", "src\Algorithms\Combinatorics\Combinatorics.csproj", "{B4C68F71-3123-4BD2-8FCD-8259A28D7A67}"
EndProject
Project("{FAE04EC0-301F-11D3-BF4B-00C04F79EFBC}") = "Sorting", "src\Algorithms\Sorting\Sorting.csproj", "{6C11ABE1-984B-451C-ABD8-C40F88C8BB96}"
EndProject
Project("{FAE04EC0-301F-11D3-BF4B-00C04F79EFBC}") = "BinarySearch", "src\Algorithms\BinarySearch\BinarySearch.csproj", "{4D87B443-E493-4CEB-91E6-966E6F59F194}"
EndProject
Project("{FAE04EC0-301F-11D3-BF4B-00C04F79EFBC}") = "ReverseLinkedList", "src\Algorithms\ReverseLinkedList\ReverseLinkedList.csproj", "{96DB0335-4EEF-4EF0-86C3-06C333987A80}"
EndProject
Project("{FAE04EC0-301F-11D3-BF4B-00C04F79EFBC}") = "HashSet", "src\DataStructures\HashSet\HashSet.csproj", "{150AB831-DF8A-4F34-ACBA-38AD3C722E31}"
EndProject
Global
	GlobalSection(SolutionConfigurationPlatforms) = preSolution
		Debug|Any CPU = Debug|Any CPU
		Release|Any CPU = Release|Any CPU
	EndGlobalSection
	GlobalSection(ProjectConfigurationPlatforms) = postSolution
		{535534F1-0EA5-443A-ABB0-C34CD517C0F5}.Debug|Any CPU.ActiveCfg = Debug|Any CPU
		{535534F1-0EA5-443A-ABB0-C34CD517C0F5}.Debug|Any CPU.Build.0 = Debug|Any CPU
		{535534F1-0EA5-443A-ABB0-C34CD517C0F5}.Release|Any CPU.ActiveCfg = Release|Any CPU
		{535534F1-0EA5-443A-ABB0-C34CD517C0F5}.Release|Any CPU.Build.0 = Release|Any CPU
		{0E9E3FD3-64AB-4342-BDF1-89E56547795D}.Debug|Any CPU.ActiveCfg = Debug|Any CPU
		{0E9E3FD3-64AB-4342-BDF1-89E56547795D}.Debug|Any CPU.Build.0 = Debug|Any CPU
		{0E9E3FD3-64AB-4342-BDF1-89E56547795D}.Release|Any CPU.ActiveCfg = Release|Any CPU
		{0E9E3FD3-64AB-4342-BDF1-89E56547795D}.Release|Any CPU.Build.0 = Release|Any CPU
		{9203667C-1DE2-485F-B3B1-2A40F7D6E3BF}.Debug|Any CPU.ActiveCfg = Debug|Any CPU
		{9203667C-1DE2-485F-B3B1-2A40F7D6E3BF}.Debug|Any CPU.Build.0 = Debug|Any CPU
		{9203667C-1DE2-485F-B3B1-2A40F7D6E3BF}.Release|Any CPU.ActiveCfg = Release|Any CPU
		{9203667C-1DE2-485F-B3B1-2A40F7D6E3BF}.Release|Any CPU.Build.0 = Release|Any CPU
		{6B913473-FF02-45BA-B2DD-1E212538365C}.Debug|Any CPU.ActiveCfg = Debug|Any CPU
		{6B913473-FF02-45BA-B2DD-1E212538365C}.Debug|Any CPU.Build.0 = Debug|Any CPU
		{6B913473-FF02-45BA-B2DD-1E212538365C}.Release|Any CPU.ActiveCfg = Release|Any CPU
		{6B913473-FF02-45BA-B2DD-1E212538365C}.Release|Any CPU.Build.0 = Release|Any CPU
		{8C10EB2A-39C3-497C-983A-4BD07919CC8C}.Debug|Any CPU.ActiveCfg = Debug|Any CPU
		{8C10EB2A-39C3-497C-983A-4BD07919CC8C}.Debug|Any CPU.Build.0 = Debug|Any CPU
		{8C10EB2A-39C3-497C-983A-4BD07919CC8C}.Release|Any CPU.ActiveCfg = Release|Any CPU
		{8C10EB2A-39C3-497C-983A-4BD07919CC8C}.Release|Any CPU.Build.0 = Release|Any CPU
		{8F49590D-1D41-42C2-A79A-2FCB3114A3CE}.Debug|Any CPU.ActiveCfg = Debug|Any CPU
		{8F49590D-1D41-42C2-A79A-2FCB3114A3CE}.Debug|Any CPU.Build.0 = Debug|Any CPU
		{8F49590D-1D41-42C2-A79A-2FCB3114A3CE}.Release|Any CPU.ActiveCfg = Release|Any CPU
		{8F49590D-1D41-42C2-A79A-2FCB3114A3CE}.Release|Any CPU.Build.0 = Release|Any CPU
		{CA226244-82EE-4931-900E-5ED10AB8D6DA}.Debug|Any CPU.ActiveCfg = Debug|Any CPU
		{CA226244-82EE-4931-900E-5ED10AB8D6DA}.Debug|Any CPU.Build.0 = Debug|Any CPU
		{CA226244-82EE-4931-900E-5ED10AB8D6DA}.Release|Any CPU.ActiveCfg = Release|Any CPU
		{CA226244-82EE-4931-900E-5ED10AB8D6DA}.Release|Any CPU.Build.0 = Release|Any CPU
		{46BDFEF7-1E17-4123-8DD8-1B39CD252515}.Debug|Any CPU.ActiveCfg = Debug|Any CPU
		{46BDFEF7-1E17-4123-8DD8-1B39CD252515}.Debug|Any CPU.Build.0 = Debug|Any CPU
		{46BDFEF7-1E17-4123-8DD8-1B39CD252515}.Release|Any CPU.ActiveCfg = Release|Any CPU
		{46BDFEF7-1E17-4123-8DD8-1B39CD252515}.Release|Any CPU.Build.0 = Release|Any CPU
		{E2C85E22-2296-44D9-B5B5-A5A399A327BF}.Debug|Any CPU.ActiveCfg = Debug|Any CPU
		{E2C85E22-2296-44D9-B5B5-A5A399A327BF}.Debug|Any CPU.Build.0 = Debug|Any CPU
		{E2C85E22-2296-44D9-B5B5-A5A399A327BF}.Release|Any CPU.ActiveCfg = Release|Any CPU
		{E2C85E22-2296-44D9-B5B5-A5A399A327BF}.Release|Any CPU.Build.0 = Release|Any CPU
		{B4C68F71-3123-4BD2-8FCD-8259A28D7A67}.Debug|Any CPU.ActiveCfg = Debug|Any CPU
		{B4C68F71-3123-4BD2-8FCD-8259A28D7A67}.Debug|Any CPU.Build.0 = Debug|Any CPU
		{B4C68F71-3123-4BD2-8FCD-8259A28D7A67}.Release|Any CPU.ActiveCfg = Release|Any CPU
		{B4C68F71-3123-4BD2-8FCD-8259A28D7A67}.Release|Any CPU.Build.0 = Release|Any CPU
		{6C11ABE1-984B-451C-ABD8-C40F88C8BB96}.Debug|Any CPU.ActiveCfg = Debug|Any CPU
		{6C11ABE1-984B-451C-ABD8-C40F88C8BB96}.Debug|Any CPU.Build.0 = Debug|Any CPU
		{6C11ABE1-984B-451C-ABD8-C40F88C8BB96}.Release|Any CPU.ActiveCfg = Release|Any CPU
		{6C11ABE1-984B-451C-ABD8-C40F88C8BB96}.Release|Any CPU.Build.0 = Release|Any CPU
		{4D87B443-E493-4CEB-91E6-966E6F59F194}.Debug|Any CPU.ActiveCfg = Debug|Any CPU
		{4D87B443-E493-4CEB-91E6-966E6F59F194}.Debug|Any CPU.Build.0 = Debug|Any CPU
		{4D87B443-E493-4CEB-91E6-966E6F59F194}.Release|Any CPU.ActiveCfg = Release|Any CPU
		{4D87B443-E493-4CEB-91E6-966E6F59F194}.Release|Any CPU.Build.0 = Release|Any CPU
		{96DB0335-4EEF-4EF0-86C3-06C333987A80}.Debug|Any CPU.ActiveCfg = Debug|Any CPU
		{96DB0335-4EEF-4EF0-86C3-06C333987A80}.Debug|Any CPU.Build.0 = Debug|Any CPU
		{96DB0335-4EEF-4EF0-86C3-06C333987A80}.Release|Any CPU.ActiveCfg = Release|Any CPU
		{96DB0335-4EEF-4EF0-86C3-06C333987A80}.Release|Any CPU.Build.0 = Release|Any CPU
		{150AB831-DF8A-4F34-ACBA-38AD3C722E31}.Debug|Any CPU.ActiveCfg = Debug|Any CPU
		{150AB831-DF8A-4F34-ACBA-38AD3C722E31}.Debug|Any CPU.Build.0 = Debug|Any CPU
		{150AB831-DF8A-4F34-ACBA-38AD3C722E31}.Release|Any CPU.ActiveCfg = Release|Any CPU
		{150AB831-DF8A-4F34-ACBA-38AD3C722E31}.Release|Any CPU.Build.0 = Release|Any CPU
	EndGlobalSection
	GlobalSection(SolutionProperties) = preSolution
		HideSolutionNode = FALSE
	EndGlobalSection
	GlobalSection(NestedProjects) = preSolution
		{7943A1E4-DFCC-4966-8885-B80DBFC1DD52} = {C0C5DB26-8C74-4F13-916B-D34AF75B738E}
		{535534F1-0EA5-443A-ABB0-C34CD517C0F5} = {7943A1E4-DFCC-4966-8885-B80DBFC1DD52}
		{0E9E3FD3-64AB-4342-BDF1-89E56547795D} = {7943A1E4-DFCC-4966-8885-B80DBFC1DD52}
		{9203667C-1DE2-485F-B3B1-2A40F7D6E3BF} = {7943A1E4-DFCC-4966-8885-B80DBFC1DD52}
		{6B913473-FF02-45BA-B2DD-1E212538365C} = {7943A1E4-DFCC-4966-8885-B80DBFC1DD52}
		{8C10EB2A-39C3-497C-983A-4BD07919CC8C} = {7943A1E4-DFCC-4966-8885-B80DBFC1DD52}
		{8F49590D-1D41-42C2-A79A-2FCB3114A3CE} = {7943A1E4-DFCC-4966-8885-B80DBFC1DD52}
		{CA226244-82EE-4931-900E-5ED10AB8D6DA} = {7943A1E4-DFCC-4966-8885-B80DBFC1DD52}
		{46BDFEF7-1E17-4123-8DD8-1B39CD252515} = {7943A1E4-DFCC-4966-8885-B80DBFC1DD52}
		{E2C85E22-2296-44D9-B5B5-A5A399A327BF} = {7943A1E4-DFCC-4966-8885-B80DBFC1DD52}
		{733FDBC4-9621-430E-9803-4AC155F000AD} = {C0C5DB26-8C74-4F13-916B-D34AF75B738E}
		{B4C68F71-3123-4BD2-8FCD-8259A28D7A67} = {733FDBC4-9621-430E-9803-4AC155F000AD}
		{6C11ABE1-984B-451C-ABD8-C40F88C8BB96} = {733FDBC4-9621-430E-9803-4AC155F000AD}
		{4D87B443-E493-4CEB-91E6-966E6F59F194} = {733FDBC4-9621-430E-9803-4AC155F000AD}
		{96DB0335-4EEF-4EF0-86C3-06C333987A80} = {733FDBC4-9621-430E-9803-4AC155F000AD}
		{150AB831-DF8A-4F34-ACBA-38AD3C722E31} = {7943A1E4-DFCC-4966-8885-B80DBFC1DD52}
	EndGlobalSection
	GlobalSection(ExtensibilityGlobals) = postSolution
		SolutionGuid = {2F46A118-939D-48ED-BFB5-D148BBEAD6B3}
	EndGlobalSection
EndGlobal
